
Microsoft Visual Studio Solution File, Format Version 12.00
# Visual Studio Version 17
VisualStudioVersion = 17.7.34221.43
MinimumVisualStudioVersion = 10.0.40219.1
Project("{FAE04EC0-301F-11D3-BF4B-00C04F79EFBC}") = "testealmoxarifado", "testealmoxarifado\testealmoxarifado.csproj", "{056A3F96-DB4A-4904-9202-0ABBA34275D0}"
EndProject
Global
	GlobalSection(SolutionConfigurationPlatforms) = preSolution
		Debug|Any CPU = Debug|Any CPU
		Release|Any CPU = Release|Any CPU
	EndGlobalSection
	GlobalSection(ProjectConfigurationPlatforms) = postSolution
		{056A3F96-DB4A-4904-9202-0ABBA34275D0}.Debug|Any CPU.ActiveCfg = Debug|Any CPU
		{056A3F96-DB4A-4904-9202-0ABBA34275D0}.Debug|Any CPU.Build.0 = Debug|Any CPU
		{056A3F96-DB4A-4904-9202-0ABBA34275D0}.Release|Any CPU.ActiveCfg = Release|Any CPU
		{056A3F96-DB4A-4904-9202-0ABBA34275D0}.Release|Any CPU.Build.0 = Release|Any CPU
	EndGlobalSection
	GlobalSection(SolutionProperties) = preSolution
		HideSolutionNode = FALSE
	EndGlobalSection
	GlobalSection(ExtensibilityGlobals) = postSolution
		SolutionGuid = {2FD91514-3823-46C0-B867-3B6127CD028A}
	EndGlobalSection
EndGlobal
