
Microsoft Visual Studio Solution File, Format Version 12.00
# Visual Studio Version 17
VisualStudioVersion = 17.7.34221.43
MinimumVisualStudioVersion = 10.0.40219.1
Project("{FAE04EC0-301F-11D3-BF4B-00C04F79EFBC}") = "swaggerdemo", "swaggerdemo\swaggerdemo.csproj", "{1891AC7C-9E82-4FCC-B2DF-E66E3952EB3D}"
EndProject
Global
	GlobalSection(SolutionConfigurationPlatforms) = preSolution
		Debug|Any CPU = Debug|Any CPU
		Release|Any CPU = Release|Any CPU
	EndGlobalSection
	GlobalSection(ProjectConfigurationPlatforms) = postSolution
		{1891AC7C-9E82-4FCC-B2DF-E66E3952EB3D}.Debug|Any CPU.ActiveCfg = Debug|Any CPU
		{1891AC7C-9E82-4FCC-B2DF-E66E3952EB3D}.Debug|Any CPU.Build.0 = Debug|Any CPU
		{1891AC7C-9E82-4FCC-B2DF-E66E3952EB3D}.Release|Any CPU.ActiveCfg = Release|Any CPU
		{1891AC7C-9E82-4FCC-B2DF-E66E3952EB3D}.Release|Any CPU.Build.0 = Release|Any CPU
	EndGlobalSection
	GlobalSection(SolutionProperties) = preSolution
		HideSolutionNode = FALSE
	EndGlobalSection
	GlobalSection(ExtensibilityGlobals) = postSolution
		SolutionGuid = {FB99A65E-91E3-4638-86FB-C54D6F4B5E00}
	EndGlobalSection
EndGlobal
